uuid: 4dd4b065-ce89-4cbe-96a0-4f4f9a0355e6
langcode: en
status: true
dependencies:
  module:
    - social_group
    - system
  theme:
    - socialbase
_core:
  default_config_hash: gVVKBv0XM0-cDJPAEM_KQ1SvA6lKbXbrRMkkcOWFd8k
id: group_add_topic_block
theme: socialbase
region: complementary_top
weight: -95
provider: null
plugin: group_add_topic_block
settings:
  id: group_add_topic_block
  label: 'Group add topic block'
  provider: social_group
  label_display: '0'
visibility:
  request_path:
    id: request_path
    pages: '/group/*/topics'
    negate: false
    context_mapping: {  }
